// !$*UTF8*$!
{
	archiveVersion = 1;
	classes = {
	};
	objectVersion = 50;
	objects = {

/* Begin PBXBuildFile section */
		34D6877F24952656009A3B63 /* AppDelegate.swift in Sources */ = {isa = PBXBuildFile; fileRef = 34D6877E24952656009A3B63 /* AppDelegate.swift */; };
		34D6878124952656009A3B63 /* SceneDelegate.swift in Sources */ = {isa = PBXBuildFile; fileRef = 34D6878024952656009A3B63 /* SceneDelegate.swift */; };
		34D6878324952656009A3B63 /* ViewController.swift in Sources */ = {isa = PBXBuildFile; fileRef = 34D6878224952656009A3B63 /* ViewController.swift */; };
		34D6878624952656009A3B63 /* Main.storyboard in Resources */ = {isa = PBXBuildFile; fileRef = 34D6878424952656009A3B63 /* Main.storyboard */; };
		34D6878924952656009A3B63 /* Weather.xcdatamodeld in Sources */ = {isa = PBXBuildFile; fileRef = 34D6878724952656009A3B63 /* Weather.xcdatamodeld */; };
		34D6878B24952657009A3B63 /* Assets.xcassets in Resources */ = {isa = PBXBuildFile; fileRef = 34D6878A24952657009A3B63 /* Assets.xcassets */; };
		34D6878E24952657009A3B63 /* LaunchScreen.storyboard in Resources */ = {isa = PBXBuildFile; fileRef = 34D6878C24952657009A3B63 /* LaunchScreen.storyboard */; };
		34D6879924952657009A3B63 /* WeatherTests.swift in Sources */ = {isa = PBXBuildFile; fileRef = 34D6879824952657009A3B63 /* WeatherTests.swift */; };
		34D687A424952657009A3B63 /* WeatherUITests.swift in Sources */ = {isa = PBXBuildFile; fileRef = 34D687A324952657009A3B63 /* WeatherUITests.swift */; };
/* End PBXBuildFile section */

/* Begin PBXContainerItemProxy section */
		34D6879524952657009A3B63 /* PBXContainerItemProxy */ = {
			isa = PBXContainerItemProxy;
			containerPortal = 34D6877324952656009A3B63 /* Project object */;
			proxyType = 1;
			remoteGlobalIDString = 34D6877A24952656009A3B63;
			remoteInfo = Weather;
		};
		34D687A024952657009A3B63 /* PBXContainerItemProxy */ = {
			isa = PBXContainerItemProxy;
			containerPortal = 34D6877324952656009A3B63 /* Project object */;
			proxyType = 1;
			remoteGlobalIDString = 34D6877A24952656009A3B63;
			remoteInfo = Weather;
		};
/* End PBXContainerItemProxy section */

/* Begin PBXFileReference section */
		34D6877B24952656009A3B63 /* Weather.app */ = {isa = PBXFileReference; explicitFileType = wrapper.application; includeInIndex = 0; path = Weather.app; sourceTree = BUILT_PRODUCTS_DIR; };
		34D6877E24952656009A3B63 /* AppDelegate.swift */ = {isa = PBXFileReference; lastKnownFileType = sourcecode.swift; path = AppDelegate.swift; sourceTree = "<group>"; };
		34D6878024952656009A3B63 /* SceneDelegate.swift */ = {isa = PBXFileReference; lastKnownFileType = sourcecode.swift; path = SceneDelegate.swift; sourceTree = "<group>"; };
		34D6878224952656009A3B63 /* ViewController.swift */ = {isa = PBXFileReference; lastKnownFileType = sourcecode.swift; path = ViewController.swift; sourceTree = "<group>"; };
		34D6878524952656009A3B63 /* Base */ = {isa = PBXFileReference; lastKnownFileType = file.storyboard; name = Base; path = Base.lproj/Main.storyboard; sourceTree = "<group>"; };
		34D6878824952656009A3B63 /* Weather.xcdatamodel */ = {isa = PBXFileReference; lastKnownFileType = wrapper.xcdatamodel; path = Weather.xcdatamodel; sourceTree = "<group>"; };
		34D6878A24952657009A3B63 /* Assets.xcassets */ = {isa = PBXFileReference; lastKnownFileType = folder.assetcatalog; path = Assets.xcassets; sourceTree = "<group>"; };
		34D6878D24952657009A3B63 /* Base */ = {isa = PBXFileReference; lastKnownFileType = file.storyboard; name = Base; path = Base.lproj/LaunchScreen.storyboard; sourceTree = "<group>"; };
		34D6878F24952657009A3B63 /* Info.plist */ = {isa = PBXFileReference; lastKnownFileType = text.plist.xml; path = Info.plist; sourceTree = "<group>"; };
		34D6879424952657009A3B63 /* WeatherTests.xctest */ = {isa = PBXFileReference; explicitFileType = wrapper.cfbundle; includeInIndex = 0; path = WeatherTests.xctest; sourceTree = BUILT_PRODUCTS_DIR; };
		34D6879824952657009A3B63 /* WeatherTests.swift */ = {isa = PBXFileReference; lastKnownFileType = sourcecode.swift; path = WeatherTests.swift; sourceTree = "<group>"; };
		34D6879A24952657009A3B63 /* Info.plist */ = {isa = PBXFileReference; lastKnownFileType = text.plist.xml; path = Info.plist; sourceTree = "<group>"; };
		34D6879F24952657009A3B63 /* WeatherUITests.xctest */ = {isa = PBXFileReference; explicitFileType = wrapper.cfbundle; includeInIndex = 0; path = WeatherUITests.xctest; sourceTree = BUILT_PRODUCTS_DIR; };
		34D687A324952657009A3B63 /* WeatherUITests.swift */ = {isa = PBXFileReference; lastKnownFileType = sourcecode.swift; path = WeatherUITests.swift; sourceTree = "<group>"; };
		34D687A524952657009A3B63 /* Info.plist */ = {isa = PBXFileReference; lastKnownFileType = text.plist.xml; path = Info.plist; sourceTree = "<group>"; };
/* End PBXFileReference section */

/* Begin PBXFrameworksBuildPhase section */
		34D6877824952656009A3B63 /* Frameworks */ = {
			isa = PBXFrameworksBuildPhase;
			buildActionMask = 2147483647;
			files = (
			);
			runOnlyForDeploymentPostprocessing = 0;
		};
		34D6879124952657009A3B63 /* Frameworks */ = {
			isa = PBXFrameworksBuildPhase;
			buildActionMask = 2147483647;
			files = (
			);
			runOnlyForDeploymentPostprocessing = 0;
		};
		34D6879C24952657009A3B63 /* Frameworks */ = {
			isa = PBXFrameworksBuildPhase;
			buildActionMask = 2147483647;
			files = (
			);
			runOnlyForDeploymentPostprocessing = 0;
		};
/* End PBXFrameworksBuildPhase section */

/* Begin PBXGroup section */
		34D6877224952656009A3B63 = {
			isa = PBXGroup;
			children = (
				34D6877D24952656009A3B63 /* Weather */,
				34D6879724952657009A3B63 /* WeatherTests */,
				34D687A224952657009A3B63 /* WeatherUITests */,
				34D6877C24952656009A3B63 /* Products */,
			);
			sourceTree = "<group>";
		};
		34D6877C24952656009A3B63 /* Products */ = {
			isa = PBXGroup;
			children = (
				34D6877B24952656009A3B63 /* Weather.app */,
				34D6879424952657009A3B63 /* WeatherTests.xctest */,
				34D6879F24952657009A3B63 /* WeatherUITests.xctest */,
			);
			name = Products;
			sourceTree = "<group>";
		};
		34D6877D24952656009A3B63 /* Weather */ = {
			isa = PBXGroup;
			children = (
				34D6877E24952656009A3B63 /* AppDelegate.swift */,
				34D6878024952656009A3B63 /* SceneDelegate.swift */,
				34D6878224952656009A3B63 /* ViewController.swift */,
				34D6878424952656009A3B63 /* Main.storyboard */,
				34D6878A24952657009A3B63 /* Assets.xcassets */,
				34D6878C24952657009A3B63 /* LaunchScreen.storyboard */,
				34D6878F24952657009A3B63 /* Info.plist */,
				34D6878724952656009A3B63 /* Weather.xcdatamodeld */,
			);
			path = Weather;
			sourceTree = "<group>";
		};
		34D6879724952657009A3B63 /* WeatherTests */ = {
			isa = PBXGroup;
			children = (
				34D6879824952657009A3B63 /* WeatherTests.swift */,
				34D6879A24952657009A3B63 /* Info.plist */,
			);
			path = WeatherTests;
			sourceTree = "<group>";
		};
		34D687A224952657009A3B63 /* WeatherUITests */ = {
			isa = PBXGroup;
			children = (
				34D687A324952657009A3B63 /* WeatherUITests.swift */,
				34D687A524952657009A3B63 /* Info.plist */,
			);
			path = WeatherUITests;
			sourceTree = "<group>";
		};
/* End PBXGroup section */

/* Begin PBXNativeTarget section */
		34D6877A24952656009A3B63 /* Weather */ = {
			isa = PBXNativeTarget;
			buildConfigurationList = 34D687A824952657009A3B63 /* Build configuration list for PBXNativeTarget "Weather" */;
			buildPhases = (
				34D6877724952656009A3B63 /* Sources */,
				34D6877824952656009A3B63 /* Frameworks */,
				34D6877924952656009A3B63 /* Resources */,
			);
			buildRules = (
			);
			dependencies = (
			);
			name = Weather;
			productName = Weather;
			productReference = 34D6877B24952656009A3B63 /* Weather.app */;
			productType = "com.apple.product-type.application";
		};
		34D6879324952657009A3B63 /* WeatherTests */ = {
			isa = PBXNativeTarget;
			buildConfigurationList = 34D687AB24952657009A3B63 /* Build configuration list for PBXNativeTarget "WeatherTests" */;
			buildPhases = (
				34D6879024952657009A3B63 /* Sources */,
				34D6879124952657009A3B63 /* Frameworks */,
				34D6879224952657009A3B63 /* Resources */,
			);
			buildRules = (
			);
			dependencies = (
				34D6879624952657009A3B63 /* PBXTargetDependency */,
			);
			name = WeatherTests;
			productName = WeatherTests;
			productReference = 34D6879424952657009A3B63 /* WeatherTests.xctest */;
			productType = "com.apple.product-type.bundle.unit-test";
		};
		34D6879E24952657009A3B63 /* WeatherUITests */ = {
			isa = PBXNativeTarget;
			buildConfigurationList = 34D687AE24952657009A3B63 /* Build configuration list for PBXNativeTarget "WeatherUITests" */;
			buildPhases = (
				34D6879B24952657009A3B63 /* Sources */,
				34D6879C24952657009A3B63 /* Frameworks */,
				34D6879D24952657009A3B63 /* Resources */,
			);
			buildRules = (
			);
			dependencies = (
				34D687A124952657009A3B63 /* PBXTargetDependency */,
			);
			name = WeatherUITests;
			productName = WeatherUITests;
			productReference = 34D6879F24952657009A3B63 /* WeatherUITests.xctest */;
			productType = "com.apple.product-type.bundle.ui-testing";
		};
/* End PBXNativeTarget section */

/* Begin PBXProject section */
		34D6877324952656009A3B63 /* Project object */ = {
			isa = PBXProject;
			attributes = {
				LastSwiftUpdateCheck = 1140;
				LastUpgradeCheck = 1140;
				ORGANIZATIONNAME = "Ostagram Inc.";
				TargetAttributes = {
					34D6877A24952656009A3B63 = {
						CreatedOnToolsVersion = 11.4.1;
					};
					34D6879324952657009A3B63 = {
						CreatedOnToolsVersion = 11.4.1;
						TestTargetID = 34D6877A24952656009A3B63;
					};
					34D6879E24952657009A3B63 = {
						CreatedOnToolsVersion = 11.4.1;
						TestTargetID = 34D6877A24952656009A3B63;
					};
				};
			};
			buildConfigurationList = 34D6877624952656009A3B63 /* Build configuration list for PBXProject "Weather" */;
			compatibilityVersion = "Xcode 9.3";
			developmentRegion = en;
			hasScannedForEncodings = 0;
			knownRegions = (
				en,
				Base,
			);
			mainGroup = 34D6877224952656009A3B63;
			productRefGroup = 34D6877C24952656009A3B63 /* Products */;
			projectDirPath = "";
			projectRoot = "";
			targets = (
				34D6877A24952656009A3B63 /* Weather */,
				34D6879324952657009A3B63 /* WeatherTests */,
				34D6879E24952657009A3B63 /* WeatherUITests */,
			);
		};
/* End PBXProject section */

/* Begin PBXResourcesBuildPhase section */
		34D6877924952656009A3B63 /* Resources */ = {
			isa = PBXResourcesBuildPhase;
			buildActionMask = 2147483647;
			files = (
				34D6878E24952657009A3B63 /* LaunchScreen.storyboard in Resources */,
				34D6878B24952657009A3B63 /* Assets.xcassets in Resources */,
				34D6878624952656009A3B63 /* Main.storyboard in Resources */,
			);
			runOnlyForDeploymentPostprocessing = 0;
		};
		34D6879224952657009A3B63 /* Resources */ = {
			isa = PBXResourcesBuildPhase;
			buildActionMask = 2147483647;
			files = (
			);
			runOnlyForDeploymentPostprocessing = 0;
		};
		34D6879D24952657009A3B63 /* Resources */ = {
			isa = PBXResourcesBuildPhase;
			buildActionMask = 2147483647;
			files = (
			);
			runOnlyForDeploymentPostprocessing = 0;
		};
/* End PBXResourcesBuildPhase section */

/* Begin PBXSourcesBuildPhase section */
		34D6877724952656009A3B63 /* Sources */ = {
			isa = PBXSourcesBuildPhase;
			buildActionMask = 2147483647;
			files = (
				34D6878924952656009A3B63 /* Weather.xcdatamodeld in Sources */,
				34D6878324952656009A3B63 /* ViewController.swift in Sources */,
				34D6877F24952656009A3B63 /* AppDelegate.swift in Sources */,
				34D6878124952656009A3B63 /* SceneDelegate.swift in Sources */,
			);
			runOnlyForDeploymentPostprocessing = 0;
		};
		34D6879024952657009A3B63 /* Sources */ = {
			isa = PBXSourcesBuildPhase;
			buildActionMask = 2147483647;
			files = (
				34D6879924952657009A3B63 /* WeatherTests.swift in Sources */,
			);
			runOnlyForDeploymentPostprocessing = 0;
		};
		34D6879B24952657009A3B63 /* Sources */ = {
			isa = PBXSourcesBuildPhase;
			buildActionMask = 2147483647;
			files = (
				34D687A424952657009A3B63 /* WeatherUITests.swift in Sources */,
			);
			runOnlyForDeploymentPostprocessing = 0;
		};
/* End PBXSourcesBuildPhase section */

/* Begin PBXTargetDependency section */
		34D6879624952657009A3B63 /* PBXTargetDependency */ = {
			isa = PBXTargetDependency;
			target = 34D6877A24952656009A3B63 /* Weather */;
			targetProxy = 34D6879524952657009A3B63 /* PBXContainerItemProxy */;
		};
		34D687A124952657009A3B63 /* PBXTargetDependency */ = {
			isa = PBXTargetDependency;
			target = 34D6877A24952656009A3B63 /* Weather */;
			targetProxy = 34D687A024952657009A3B63 /* PBXContainerItemProxy */;
		};
/* End PBXTargetDependency section */

/* Begin PBXVariantGroup section */
		34D6878424952656009A3B63 /* Main.storyboard */ = {
			isa = PBXVariantGroup;
			children = (
				34D6878524952656009A3B63 /* Base */,
			);
			name = Main.storyboard;
			sourceTree = "<group>";
		};
		34D6878C24952657009A3B63 /* LaunchScreen.storyboard */ = {
			isa = PBXVariantGroup;
			children = (
				34D6878D24952657009A3B63 /* Base */,
			);
			name = LaunchScreen.storyboard;
			sourceTree = "<group>";
		};
/* End PBXVariantGroup section */

/* Begin XCBuildConfiguration section */
		34D687A624952657009A3B63 /* Debug */ = {
			isa = XCBuildConfiguration;
			buildSettings = {
				ALWAYS_SEARCH_USER_PATHS = NO;
				CLANG_ANALYZER_NONNULL = YES;
				CLANG_ANALYZER_NUMBER_OBJECT_CONVERSION = YES_AGGRESSIVE;
				CLANG_CXX_LANGUAGE_STANDARD = "gnu++14";
				CLANG_CXX_LIBRARY = "libc++";
				CLANG_ENABLE_MODULES = YES;
				CLANG_ENABLE_OBJC_ARC = YES;
				CLANG_ENABLE_OBJC_WEAK = YES;
				CLANG_WARN_BLOCK_CAPTURE_AUTORELEASING = YES;
				CLANG_WARN_BOOL_CONVERSION = YES;
				CLANG_WARN_COMMA = YES;
				CLANG_WARN_CONSTANT_CONVERSION = YES;
				CLANG_WARN_DEPRECATED_OBJC_IMPLEMENTATIONS = YES;
				CLANG_WARN_DIRECT_OBJC_ISA_USAGE = YES_ERROR;
				CLANG_WARN_DOCUMENTATION_COMMENTS = YES;
				CLANG_WARN_EMPTY_BODY = YES;
				CLANG_WARN_ENUM_CONVERSION = YES;
				CLANG_WARN_INFINITE_RECURSION = YES;
				CLANG_WARN_INT_CONVERSION = YES;
				CLANG_WARN_NON_LITERAL_NULL_CONVERSION = YES;
				CLANG_WARN_OBJC_IMPLICIT_RETAIN_SELF = YES;
				CLANG_WARN_OBJC_LITERAL_CONVERSION = YES;
				CLANG_WARN_OBJC_ROOT_CLASS = YES_ERROR;
				CLANG_WARN_RANGE_LOOP_ANALYSIS = YES;
				CLANG_WARN_STRICT_PROTOTYPES = YES;
				CLANG_WARN_SUSPICIOUS_MOVE = YES;
				CLANG_WARN_UNGUARDED_AVAILABILITY = YES_AGGRESSIVE;
				CLANG_WARN_UNREACHABLE_CODE = YES;
				CLANG_WARN__DUPLICATE_METHOD_MATCH = YES;
				COPY_PHASE_STRIP = NO;
				DEBUG_INFORMATION_FORMAT = dwarf;
				ENABLE_STRICT_OBJC_MSGSEND = YES;
				ENABLE_TESTABILITY = YES;
				GCC_C_LANGUAGE_STANDARD = gnu11;
				GCC_DYNAMIC_NO_PIC = NO;
				GCC_NO_COMMON_BLOCKS = YES;
				GCC_OPTIMIZATION_LEVEL = 0;
				GCC_PREPROCESSOR_DEFINITIONS = (
					"DEBUG=1",
					"$(inherited)",
				);
				GCC_WARN_64_TO_32_BIT_CONVERSION = YES;
				GCC_WARN_ABOUT_RETURN_TYPE = YES_ERROR;
				GCC_WARN_UNDECLARED_SELECTOR = YES;
				GCC_WARN_UNINITIALIZED_AUTOS = YES_AGGRESSIVE;
				GCC_WARN_UNUSED_FUNCTION = YES;
				GCC_WARN_UNUSED_VARIABLE = YES;
				IPHONEOS_DEPLOYMENT_TARGET = 13.4;
				MTL_ENABLE_DEBUG_INFO = INCLUDE_SOURCE;
				MTL_FAST_MATH = YES;
				ONLY_ACTIVE_ARCH = YES;
				SDKROOT = iphoneos;
				SWIFT_ACTIVE_COMPILATION_CONDITIONS = DEBUG;
				SWIFT_OPTIMIZATION_LEVEL = "-Onone";
			};
			name = Debug;
		};
		34D687A724952657009A3B63 /* Release */ = {
			isa = XCBuildConfiguration;
			buildSettings = {
				ALWAYS_SEARCH_USER_PATHS = NO;
				CLANG_ANALYZER_NONNULL = YES;
				CLANG_ANALYZER_NUMBER_OBJECT_CONVERSION = YES_AGGRESSIVE;
				CLANG_CXX_LANGUAGE_STANDARD = "gnu++14";
				CLANG_CXX_LIBRARY = "libc++";
				CLANG_ENABLE_MODULES = YES;
				CLANG_ENABLE_OBJC_ARC = YES;
				CLANG_ENABLE_OBJC_WEAK = YES;
				CLANG_WARN_BLOCK_CAPTURE_AUTORELEASING = YES;
				CLANG_WARN_BOOL_CONVERSION = YES;
				CLANG_WARN_COMMA = YES;
				CLANG_WARN_CONSTANT_CONVERSION = YES;
				CLANG_WARN_DEPRECATED_OBJC_IMPLEMENTATIONS = YES;
				CLANG_WARN_DIRECT_OBJC_ISA_USAGE = YES_ERROR;
				CLANG_WARN_DOCUMENTATION_COMMENTS = YES;
				CLANG_WARN_EMPTY_BODY = YES;
				CLANG_WARN_ENUM_CONVERSION = YES;
				CLANG_WARN_INFINITE_RECURSION = YES;
				CLANG_WARN_INT_CONVERSION = YES;
				CLANG_WARN_NON_LITERAL_NULL_CONVERSION = YES;
				CLANG_WARN_OBJC_IMPLICIT_RETAIN_SELF = YES;
				CLANG_WARN_OBJC_LITERAL_CONVERSION = YES;
				CLANG_WARN_OBJC_ROOT_CLASS = YES_ERROR;
				CLANG_WARN_RANGE_LOOP_ANALYSIS = YES;
				CLANG_WARN_STRICT_PROTOTYPES = YES;
				CLANG_WARN_SUSPICIOUS_MOVE = YES;
				CLANG_WARN_UNGUARDED_AVAILABILITY = YES_AGGRESSIVE;
				CLANG_WARN_UNREACHABLE_CODE = YES;
				CLANG_WARN__DUPLICATE_METHOD_MATCH = YES;
				COPY_PHASE_STRIP = NO;
				DEBUG_INFORMATION_FORMAT = "dwarf-with-dsym";
				ENABLE_NS_ASSERTIONS = NO;
				ENABLE_STRICT_OBJC_MSGSEND = YES;
				GCC_C_LANGUAGE_STANDARD = gnu11;
				GCC_NO_COMMON_BLOCKS = YES;
				GCC_WARN_64_TO_32_BIT_CONVERSION = YES;
				GCC_WARN_ABOUT_RETURN_TYPE = YES_ERROR;
				GCC_WARN_UNDECLARED_SELECTOR = YES;
				GCC_WARN_UNINITIALIZED_AUTOS = YES_AGGRESSIVE;
				GCC_WARN_UNUSED_FUNCTION = YES;
				GCC_WARN_UNUSED_VARIABLE = YES;
				IPHONEOS_DEPLOYMENT_TARGET = 13.4;
				MTL_ENABLE_DEBUG_INFO = NO;
				MTL_FAST_MATH = YES;
				SDKROOT = iphoneos;
				SWIFT_COMPILATION_MODE = wholemodule;
				SWIFT_OPTIMIZATION_LEVEL = "-O";
				VALIDATE_PRODUCT = YES;
			};
			name = Release;
		};
		34D687A924952657009A3B63 /* Debug */ = {
			isa = XCBuildConfiguration;
			buildSettings = {
				ASSETCATALOG_COMPILER_APPICON_NAME = AppIcon;
				CODE_SIGN_STYLE = Automatic;
				DEVELOPMENT_TEAM = GRAL3CBVS6;
				INFOPLIST_FILE = Weather/Info.plist;
				LD_RUNPATH_SEARCH_PATHS = (
					"$(inherited)",
					"@executable_path/Frameworks",
				);
				PRODUCT_BUNDLE_IDENTIFIER = Ostagram.Weather;
				PRODUCT_NAME = "$(TARGET_NAME)";
				SWIFT_VERSION = 5.0;
				TARGETED_DEVICE_FAMILY = "1,2";
			};
			name = Debug;
		};
		34D687AA24952657009A3B63 /* Release */ = {
			isa = XCBuildConfiguration;
			buildSettings = {
				ASSETCATALOG_COMPILER_APPICON_NAME = AppIcon;
				CODE_SIGN_STYLE = Automatic;
				DEVELOPMENT_TEAM = GRAL3CBVS6;
				INFOPLIST_FILE = Weather/Info.plist;
				LD_RUNPATH_SEARCH_PATHS = (
					"$(inherited)",
					"@executable_path/Frameworks",
				);
				PRODUCT_BUNDLE_IDENTIFIER = Ostagram.Weather;
				PRODUCT_NAME = "$(TARGET_NAME)";
				SWIFT_VERSION = 5.0;
				TARGETED_DEVICE_FAMILY = "1,2";
			};
			name = Release;
		};
		34D687AC24952657009A3B63 /* Debug */ = {
			isa = XCBuildConfiguration;
			buildSettings = {
				ALWAYS_EMBED_SWIFT_STANDARD_LIBRARIES = YES;
				BUNDLE_LOADER = "$(TEST_HOST)";
				CODE_SIGN_STYLE = Automatic;
				DEVELOPMENT_TEAM = GRAL3CBVS6;
				INFOPLIST_FILE = WeatherTests/Info.plist;
				IPHONEOS_DEPLOYMENT_TARGET = 13.4;
				LD_RUNPATH_SEARCH_PATHS = (
					"$(inherited)",
					"@executable_path/Frameworks",
					"@loader_path/Frameworks",
				);
				PRODUCT_BUNDLE_IDENTIFIER = Ostagram.WeatherTests;
				PRODUCT_NAME = "$(TARGET_NAME)";
				SWIFT_VERSION = 5.0;
				TARGETED_DEVICE_FAMILY = "1,2";
				TEST_HOST = "$(BUILT_PRODUCTS_DIR)/Weather.app/Weather";
			};
			name = Debug;
		};
		34D687AD24952657009A3B63 /* Release */ = {
			isa = XCBuildConfiguration;
			buildSettings = {
				ALWAYS_EMBED_SWIFT_STANDARD_LIBRARIES = YES;
				BUNDLE_LOADER = "$(TEST_HOST)";
				CODE_SIGN_STYLE = Automatic;
				DEVELOPMENT_TEAM = GRAL3CBVS6;
				INFOPLIST_FILE = WeatherTests/Info.plist;
				IPHONEOS_DEPLOYMENT_TARGET = 13.4;
				LD_RUNPATH_SEARCH_PATHS = (
					"$(inherited)",
					"@executable_path/Frameworks",
					"@loader_path/Frameworks",
				);
				PRODUCT_BUNDLE_IDENTIFIER = Ostagram.WeatherTests;
				PRODUCT_NAME = "$(TARGET_NAME)";
				SWIFT_VERSION = 5.0;
				TARGETED_DEVICE_FAMILY = "1,2";
				TEST_HOST = "$(BUILT_PRODUCTS_DIR)/Weather.app/Weather";
			};
			name = Release;
		};
		34D687AF24952657009A3B63 /* Debug */ = {
			isa = XCBuildConfiguration;
			buildSettings = {
				ALWAYS_EMBED_SWIFT_STANDARD_LIBRARIES = YES;
				CODE_SIGN_STYLE = Automatic;
				DEVELOPMENT_TEAM = GRAL3CBVS6;
				INFOPLIST_FILE = WeatherUITests/Info.plist;
				LD_RUNPATH_SEARCH_PATHS = (
					"$(inherited)",
					"@executable_path/Frameworks",
					"@loader_path/Frameworks",
				);
				PRODUCT_BUNDLE_IDENTIFIER = Ostagram.WeatherUITests;
				PRODUCT_NAME = "$(TARGET_NAME)";
				SWIFT_VERSION = 5.0;
				TARGETED_DEVICE_FAMILY = "1,2";
				TEST_TARGET_NAME = Weather;
			};
			name = Debug;
		};
		34D687B024952657009A3B63 /* Release */ = {
			isa = XCBuildConfiguration;
			buildSettings = {
				ALWAYS_EMBED_SWIFT_STANDARD_LIBRARIES = YES;
				CODE_SIGN_STYLE = Automatic;
				DEVELOPMENT_TEAM = GRAL3CBVS6;
				INFOPLIST_FILE = WeatherUITests/Info.plist;
				LD_RUNPATH_SEARCH_PATHS = (
					"$(inherited)",
					"@executable_path/Frameworks",
					"@loader_path/Frameworks",
				);
				PRODUCT_BUNDLE_IDENTIFIER = Ostagram.WeatherUITests;
				PRODUCT_NAME = "$(TARGET_NAME)";
				SWIFT_VERSION = 5.0;
				TARGETED_DEVICE_FAMILY = "1,2";
				TEST_TARGET_NAME = Weather;
			};
			name = Release;
		};
/* End XCBuildConfiguration section */

/* Begin XCConfigurationList section */
		34D6877624952656009A3B63 /* Build configuration list for PBXProject "Weather" */ = {
			isa = XCConfigurationList;
			buildConfigurations = (
				34D687A624952657009A3B63 /* Debug */,
				34D687A724952657009A3B63 /* Release */,
			);
			defaultConfigurationIsVisible = 0;
			defaultConfigurationName = Release;
		};
		34D687A824952657009A3B63 /* Build configuration list for PBXNativeTarget "Weather" */ = {
			isa = XCConfigurationList;
			buildConfigurations = (
				34D687A924952657009A3B63 /* Debug */,
				34D687AA24952657009A3B63 /* Release */,
			);
			defaultConfigurationIsVisible = 0;
			defaultConfigurationName = Release;
		};
		34D687AB24952657009A3B63 /* Build configuration list for PBXNativeTarget "WeatherTests" */ = {
			isa = XCConfigurationList;
			buildConfigurations = (
				34D687AC24952657009A3B63 /* Debug */,
				34D687AD24952657009A3B63 /* Release */,
			);
			defaultConfigurationIsVisible = 0;
			defaultConfigurationName = Release;
		};
		34D687AE24952657009A3B63 /* Build configuration list for PBXNativeTarget "WeatherUITests" */ = {
			isa = XCConfigurationList;
			buildConfigurations = (
				34D687AF24952657009A3B63 /* Debug */,
				34D687B024952657009A3B63 /* Release */,
			);
			defaultConfigurationIsVisible = 0;
			defaultConfigurationName = Release;
		};
/* End XCConfigurationList section */

/* Begin XCVersionGroup section */
		34D6878724952656009A3B63 /* Weather.xcdatamodeld */ = {
			isa = XCVersionGroup;
			children = (
				34D6878824952656009A3B63 /* Weather.xcdatamodel */,
			);
			currentVersion = 34D6878824952656009A3B63 /* Weather.xcdatamodel */;
			path = Weather.xcdatamodeld;
			sourceTree = "<group>";
			versionGroupType = wrapper.xcdatamodel;
		};
/* End XCVersionGroup section */
	};
	rootObject = 34D6877324952656009A3B63 /* Project object */;
}
